
Microsoft Visual Studio Solution File, Format Version 12.00
# Visual Studio Version 17
VisualStudioVersion = 17.0.32014.148
MinimumVisualStudioVersion = 10.0.40219.1
Project("{FAE04EC0-301F-11D3-BF4B-00C04F79EFBC}") = "StudentChatBotProject", "StudentChatBotProject\StudentChatBotProject.csproj", "{EE008DEF-EC0F-4450-9165-F1EAB35E2041}"
EndProject
Global
	GlobalSection(SolutionConfigurationPlatforms) = preSolution
		Debug|Any CPU = Debug|Any CPU
		Release|Any CPU = Release|Any CPU
	EndGlobalSection
	GlobalSection(ProjectConfigurationPlatforms) = postSolution
		{EE008DEF-EC0F-4450-9165-F1EAB35E2041}.Debug|Any CPU.ActiveCfg = Debug|Any CPU
		{EE008DEF-EC0F-4450-9165-F1EAB35E2041}.Debug|Any CPU.Build.0 = Debug|Any CPU
		{EE008DEF-EC0F-4450-9165-F1EAB35E2041}.Release|Any CPU.ActiveCfg = Release|Any CPU
		{EE008DEF-EC0F-4450-9165-F1EAB35E2041}.Release|Any CPU.Build.0 = Release|Any CPU
	EndGlobalSection
	GlobalSection(SolutionProperties) = preSolution
		HideSolutionNode = FALSE
	EndGlobalSection
	GlobalSection(ExtensibilityGlobals) = postSolution
		SolutionGuid = {EE296FB8-EC51-4D61-B6A8-2E10DDD5B373}
	EndGlobalSection
EndGlobal
